
Microsoft Visual Studio Solution File, Format Version 12.00
# Visual Studio 15
VisualStudioVersion = 15.0.27428.1
MinimumVisualStudioVersion = 10.0.40219.1
Project("{FAE04EC0-301F-11D3-BF4B-00C04F79EFBC}") = "Dominios", "Dominios\Dominios.csproj", "{0D43E9BD-B08F-4EA5-9910-A0AA555969DC}"
EndProject
Global
	GlobalSection(SolutionConfigurationPlatforms) = preSolution
		Debug|Any CPU = Debug|Any CPU
		Release|Any CPU = Release|Any CPU
	EndGlobalSection
	GlobalSection(ProjectConfigurationPlatforms) = postSolution
		{0D43E9BD-B08F-4EA5-9910-A0AA555969DC}.Debug|Any CPU.ActiveCfg = Debug|Any CPU
		{0D43E9BD-B08F-4EA5-9910-A0AA555969DC}.Debug|Any CPU.Build.0 = Debug|Any CPU
		{0D43E9BD-B08F-4EA5-9910-A0AA555969DC}.Release|Any CPU.ActiveCfg = Release|Any CPU
		{0D43E9BD-B08F-4EA5-9910-A0AA555969DC}.Release|Any CPU.Build.0 = Release|Any CPU
	EndGlobalSection
	GlobalSection(SolutionProperties) = preSolution
		HideSolutionNode = FALSE
	EndGlobalSection
	GlobalSection(ExtensibilityGlobals) = postSolution
		SolutionGuid = {4E43DBD6-2926-4138-93B3-3162372630BF}
	EndGlobalSection
EndGlobal
